// !$*UTF8*$!
{
	archiveVersion = 1;
	classes = {
	};
	objectVersion = 55;
	objects = {

/* Begin PBXBuildFile section */
		0731FB0F28BFA20200D7E403 /* RegistrationCredentials.swift in Sources */ = {isa = PBXBuildFile; fileRef = 0731FB0E28BFA20200D7E403 /* RegistrationCredentials.swift */; };
		0731FB1228BFBA0F00D7E403 /* SignupError.swift in Sources */ = {isa = PBXBuildFile; fileRef = 0731FB1128BFBA0F00D7E403 /* SignupError.swift */; };
		0760D7D828B3CE90001DB4DB /* WithStudyApp.swift in Sources */ = {isa = PBXBuildFile; fileRef = 0760D7D728B3CE90001DB4DB /* WithStudyApp.swift */; };
		0760D7DC28B3CE92001DB4DB /* Assets.xcassets in Resources */ = {isa = PBXBuildFile; fileRef = 0760D7DB28B3CE92001DB4DB /* Assets.xcassets */; };
		0760D7DF28B3CE92001DB4DB /* Preview Assets.xcassets in Resources */ = {isa = PBXBuildFile; fileRef = 0760D7DE28B3CE92001DB4DB /* Preview Assets.xcassets */; };
		07DEBCB828BEECC3000EBF15 /* SessionService.swift in Sources */ = {isa = PBXBuildFile; fileRef = 07DEBCB728BEECC3000EBF15 /* SessionService.swift */; };
		07DEBCBC28BEF023000EBF15 /* UserSessionDetails.swift in Sources */ = {isa = PBXBuildFile; fileRef = 07DEBCBB28BEF023000EBF15 /* UserSessionDetails.swift */; };
		07DEBCBE28BEF66B000EBF15 /* Signup2.swift in Sources */ = {isa = PBXBuildFile; fileRef = 07DEBCBD28BEF66B000EBF15 /* Signup2.swift */; };
		07E4CAB128BE7B5B00378ECC /* ForgetPass.swift in Sources */ = {isa = PBXBuildFile; fileRef = 07E4CAB028BE7B5B00378ECC /* ForgetPass.swift */; };
		07E4CAB728BE7DCA00378ECC /* RegistrationService.swift in Sources */ = {isa = PBXBuildFile; fileRef = 07E4CAB628BE7DCA00378ECC /* RegistrationService.swift */; };
		07E4CABA28BE8D1D00378ECC /* RegistrationViewModel.swift in Sources */ = {isa = PBXBuildFile; fileRef = 07E4CAB928BE8D1D00378ECC /* RegistrationViewModel.swift */; };
		07FF7BD628BE52BB0033CF68 /* FirebaseAnalytics in Frameworks */ = {isa = PBXBuildFile; productRef = 07FF7BD528BE52BB0033CF68 /* FirebaseAnalytics */; };
		07FF7BD828BE52BB0033CF68 /* FirebaseAnalyticsOnDeviceConversion in Frameworks */ = {isa = PBXBuildFile; productRef = 07FF7BD728BE52BB0033CF68 /* FirebaseAnalyticsOnDeviceConversion */; };
		07FF7BDA28BE52BB0033CF68 /* FirebaseAnalyticsSwift in Frameworks */ = {isa = PBXBuildFile; productRef = 07FF7BD928BE52BB0033CF68 /* FirebaseAnalyticsSwift */; };
		07FF7BDC28BE52BB0033CF68 /* FirebaseAnalyticsWithoutAdIdSupport in Frameworks */ = {isa = PBXBuildFile; productRef = 07FF7BDB28BE52BB0033CF68 /* FirebaseAnalyticsWithoutAdIdSupport */; };
		07FF7BDE28BE52BB0033CF68 /* FirebaseAppCheck in Frameworks */ = {isa = PBXBuildFile; productRef = 07FF7BDD28BE52BB0033CF68 /* FirebaseAppCheck */; };
		07FF7BE028BE52BB0033CF68 /* FirebaseAppDistribution-Beta in Frameworks */ = {isa = PBXBuildFile; productRef = 07FF7BDF28BE52BB0033CF68 /* FirebaseAppDistribution-Beta */; };
		07FF7BE228BE52BB0033CF68 /* FirebaseAuth in Frameworks */ = {isa = PBXBuildFile; productRef = 07FF7BE128BE52BB0033CF68 /* FirebaseAuth */; };
		07FF7BE428BE52BB0033CF68 /* FirebaseAuthCombine-Community in Frameworks */ = {isa = PBXBuildFile; productRef = 07FF7BE328BE52BB0033CF68 /* FirebaseAuthCombine-Community */; };
		07FF7BE628BE52BB0033CF68 /* FirebaseCrashlytics in Frameworks */ = {isa = PBXBuildFile; productRef = 07FF7BE528BE52BB0033CF68 /* FirebaseCrashlytics */; };
		07FF7BE828BE52BB0033CF68 /* FirebaseDatabase in Frameworks */ = {isa = PBXBuildFile; productRef = 07FF7BE728BE52BB0033CF68 /* FirebaseDatabase */; };
		07FF7BEA28BE52BB0033CF68 /* FirebaseDatabaseSwift in Frameworks */ = {isa = PBXBuildFile; productRef = 07FF7BE928BE52BB0033CF68 /* FirebaseDatabaseSwift */; };
		07FF7BEC28BE52BB0033CF68 /* FirebaseDynamicLinks in Frameworks */ = {isa = PBXBuildFile; productRef = 07FF7BEB28BE52BB0033CF68 /* FirebaseDynamicLinks */; };
		07FF7BEE28BE52BB0033CF68 /* FirebaseFirestore in Frameworks */ = {isa = PBXBuildFile; productRef = 07FF7BED28BE52BB0033CF68 /* FirebaseFirestore */; };
		07FF7BF028BE52BB0033CF68 /* FirebaseFirestoreCombine-Community in Frameworks */ = {isa = PBXBuildFile; productRef = 07FF7BEF28BE52BB0033CF68 /* FirebaseFirestoreCombine-Community */; };
		07FF7BF228BE52BB0033CF68 /* FirebaseFirestoreSwift in Frameworks */ = {isa = PBXBuildFile; productRef = 07FF7BF128BE52BB0033CF68 /* FirebaseFirestoreSwift */; };
		07FF7BF428BE52BB0033CF68 /* FirebaseFunctions in Frameworks */ = {isa = PBXBuildFile; productRef = 07FF7BF328BE52BB0033CF68 /* FirebaseFunctions */; };
		07FF7BF628BE52BB0033CF68 /* FirebaseFunctionsCombine-Community in Frameworks */ = {isa = PBXBuildFile; productRef = 07FF7BF528BE52BB0033CF68 /* FirebaseFunctionsCombine-Community */; };
		07FF7BF828BE52BB0033CF68 /* FirebaseInAppMessaging-Beta in Frameworks */ = {isa = PBXBuildFile; productRef = 07FF7BF728BE52BB0033CF68 /* FirebaseInAppMessaging-Beta */; };
		07FF7BFA28BE52BB0033CF68 /* FirebaseInAppMessagingSwift-Beta in Frameworks */ = {isa = PBXBuildFile; productRef = 07FF7BF928BE52BB0033CF68 /* FirebaseInAppMessagingSwift-Beta */; };
		07FF7BFC28BE52BB0033CF68 /* FirebaseInstallations in Frameworks */ = {isa = PBXBuildFile; productRef = 07FF7BFB28BE52BB0033CF68 /* FirebaseInstallations */; };
		07FF7BFE28BE52BB0033CF68 /* FirebaseMLModelDownloader in Frameworks */ = {isa = PBXBuildFile; productRef = 07FF7BFD28BE52BB0033CF68 /* FirebaseMLModelDownloader */; };
		07FF7C0028BE52BB0033CF68 /* FirebaseMessaging in Frameworks */ = {isa = PBXBuildFile; productRef = 07FF7BFF28BE52BB0033CF68 /* FirebaseMessaging */; };
		07FF7C0228BE52BB0033CF68 /* FirebasePerformance in Frameworks */ = {isa = PBXBuildFile; productRef = 07FF7C0128BE52BB0033CF68 /* FirebasePerformance */; };
		07FF7C0428BE52BB0033CF68 /* FirebaseRemoteConfig in Frameworks */ = {isa = PBXBuildFile; productRef = 07FF7C0328BE52BB0033CF68 /* FirebaseRemoteConfig */; };
		07FF7C0628BE52BB0033CF68 /* FirebaseRemoteConfigSwift in Frameworks */ = {isa = PBXBuildFile; productRef = 07FF7C0528BE52BB0033CF68 /* FirebaseRemoteConfigSwift */; };
		07FF7C0828BE52BB0033CF68 /* FirebaseStorage in Frameworks */ = {isa = PBXBuildFile; productRef = 07FF7C0728BE52BB0033CF68 /* FirebaseStorage */; };
		07FF7C0A28BE52BB0033CF68 /* FirebaseStorageCombine-Community in Frameworks */ = {isa = PBXBuildFile; productRef = 07FF7C0928BE52BB0033CF68 /* FirebaseStorageCombine-Community */; };
		07FF7C1128BE5E5D0033CF68 /* GoogleService-Info.plist in Resources */ = {isa = PBXBuildFile; fileRef = 07FF7C1028BE5E5D0033CF68 /* GoogleService-Info.plist */; };
		07FF7C1628BE62F70033CF68 /* LoginView.swift in Sources */ = {isa = PBXBuildFile; fileRef = 07FF7C1528BE62F70033CF68 /* LoginView.swift */; };
		07FF7C1928BE638D0033CF68 /* HomeView.swift in Sources */ = {isa = PBXBuildFile; fileRef = 07FF7C1828BE638D0033CF68 /* HomeView.swift */; };
		07FF7C1B28BE63EE0033CF68 /* chat.swift in Sources */ = {isa = PBXBuildFile; fileRef = 07FF7C1A28BE63EE0033CF68 /* chat.swift */; };
		07FF7C1D28BE641D0033CF68 /* files.swift in Sources */ = {isa = PBXBuildFile; fileRef = 07FF7C1C28BE641D0033CF68 /* files.swift */; };
		07FF7C1F28BE65280033CF68 /* bottomBar.swift in Sources */ = {isa = PBXBuildFile; fileRef = 07FF7C1E28BE65280033CF68 /* bottomBar.swift */; };
		07FF7C2128BE65900033CF68 /* voicerooms.swift in Sources */ = {isa = PBXBuildFile; fileRef = 07FF7C2028BE65900033CF68 /* voicerooms.swift */; };
		07FF7C2328BE65BF0033CF68 /* toDoList.swift in Sources */ = {isa = PBXBuildFile; fileRef = 07FF7C2228BE65BF0033CF68 /* toDoList.swift */; };
		07FF7C2628BE66A10033CF68 /* welcome.swift in Sources */ = {isa = PBXBuildFile; fileRef = 07FF7C2528BE66A10033CF68 /* welcome.swift */; };
		07FF7C2828BE6CA90033CF68 /* profile.swift in Sources */ = {isa = PBXBuildFile; fileRef = 07FF7C2728BE6CA90033CF68 /* profile.swift */; };
		07FF7C3028BE72990033CF68 /* Signup.swift in Sources */ = {isa = PBXBuildFile; fileRef = 07FF7C2F28BE72990033CF68 /* Signup.swift */; };
/* End PBXBuildFile section */

/* Begin PBXFileReference section */
		0731FB0E28BFA20200D7E403 /* RegistrationCredentials.swift */ = {isa = PBXFileReference; lastKnownFileType = sourcecode.swift; path = RegistrationCredentials.swift; sourceTree = "<group>"; };
		0731FB1128BFBA0F00D7E403 /* SignupError.swift */ = {isa = PBXFileReference; lastKnownFileType = sourcecode.swift; path = SignupError.swift; sourceTree = "<group>"; };
		0760D7D428B3CE90001DB4DB /* WithStudy.app */ = {isa = PBXFileReference; explicitFileType = wrapper.application; includeInIndex = 0; path = WithStudy.app; sourceTree = BUILT_PRODUCTS_DIR; };
		0760D7D728B3CE90001DB4DB /* WithStudyApp.swift */ = {isa = PBXFileReference; lastKnownFileType = sourcecode.swift; path = WithStudyApp.swift; sourceTree = "<group>"; };
		0760D7DB28B3CE92001DB4DB /* Assets.xcassets */ = {isa = PBXFileReference; lastKnownFileType = folder.assetcatalog; path = Assets.xcassets; sourceTree = "<group>"; };
		0760D7DE28B3CE92001DB4DB /* Preview Assets.xcassets */ = {isa = PBXFileReference; lastKnownFileType = folder.assetcatalog; path = "Preview Assets.xcassets"; sourceTree = "<group>"; };
		07DEBCB728BEECC3000EBF15 /* SessionService.swift */ = {isa = PBXFileReference; lastKnownFileType = sourcecode.swift; path = SessionService.swift; sourceTree = "<group>"; };
		07DEBCBB28BEF023000EBF15 /* UserSessionDetails.swift */ = {isa = PBXFileReference; lastKnownFileType = sourcecode.swift; path = UserSessionDetails.swift; sourceTree = "<group>"; };
		07DEBCBD28BEF66B000EBF15 /* Signup2.swift */ = {isa = PBXFileReference; lastKnownFileType = sourcecode.swift; path = Signup2.swift; sourceTree = "<group>"; };
		07E4CAB028BE7B5B00378ECC /* ForgetPass.swift */ = {isa = PBXFileReference; lastKnownFileType = sourcecode.swift; path = ForgetPass.swift; sourceTree = "<group>"; };
		07E4CAB628BE7DCA00378ECC /* RegistrationService.swift */ = {isa = PBXFileReference; lastKnownFileType = sourcecode.swift; path = RegistrationService.swift; sourceTree = "<group>"; };
		07E4CAB928BE8D1D00378ECC /* RegistrationViewModel.swift */ = {isa = PBXFileReference; lastKnownFileType = sourcecode.swift; path = RegistrationViewModel.swift; sourceTree = "<group>"; };
		07FF7C1028BE5E5D0033CF68 /* GoogleService-Info.plist */ = {isa = PBXFileReference; fileEncoding = 4; lastKnownFileType = text.plist.xml; path = "GoogleService-Info.plist"; sourceTree = "<group>"; };
		07FF7C1528BE62F70033CF68 /* LoginView.swift */ = {isa = PBXFileReference; lastKnownFileType = sourcecode.swift; path = LoginView.swift; sourceTree = "<group>"; };
		07FF7C1828BE638D0033CF68 /* HomeView.swift */ = {isa = PBXFileReference; lastKnownFileType = sourcecode.swift; path = HomeView.swift; sourceTree = "<group>"; };
		07FF7C1A28BE63EE0033CF68 /* chat.swift */ = {isa = PBXFileReference; lastKnownFileType = sourcecode.swift; path = chat.swift; sourceTree = "<group>"; };
		07FF7C1C28BE641D0033CF68 /* files.swift */ = {isa = PBXFileReference; lastKnownFileType = sourcecode.swift; path = files.swift; sourceTree = "<group>"; };
		07FF7C1E28BE65280033CF68 /* bottomBar.swift */ = {isa = PBXFileReference; lastKnownFileType = sourcecode.swift; path = bottomBar.swift; sourceTree = "<group>"; };
		07FF7C2028BE65900033CF68 /* voicerooms.swift */ = {isa = PBXFileReference; lastKnownFileType = sourcecode.swift; path = voicerooms.swift; sourceTree = "<group>"; };
		07FF7C2228BE65BF0033CF68 /* toDoList.swift */ = {isa = PBXFileReference; lastKnownFileType = sourcecode.swift; path = toDoList.swift; sourceTree = "<group>"; };
		07FF7C2528BE66A10033CF68 /* welcome.swift */ = {isa = PBXFileReference; lastKnownFileType = sourcecode.swift; path = welcome.swift; sourceTree = "<group>"; };
		07FF7C2728BE6CA90033CF68 /* profile.swift */ = {isa = PBXFileReference; lastKnownFileType = sourcecode.swift; path = profile.swift; sourceTree = "<group>"; };
		07FF7C2F28BE72990033CF68 /* Signup.swift */ = {isa = PBXFileReference; lastKnownFileType = sourcecode.swift; path = Signup.swift; sourceTree = "<group>"; };
/* End PBXFileReference section */

/* Begin PBXFrameworksBuildPhase section */
		0760D7D128B3CE90001DB4DB /* Frameworks */ = {
			isa = PBXFrameworksBuildPhase;
			buildActionMask = 2147483647;
			files = (
				07FF7BE828BE52BB0033CF68 /* FirebaseDatabase in Frameworks */,
				07FF7BF628BE52BB0033CF68 /* FirebaseFunctionsCombine-Community in Frameworks */,
				07FF7BEE28BE52BB0033CF68 /* FirebaseFirestore in Frameworks */,
				07FF7BDA28BE52BB0033CF68 /* FirebaseAnalyticsSwift in Frameworks */,
				07FF7BD628BE52BB0033CF68 /* FirebaseAnalytics in Frameworks */,
				07FF7BD828BE52BB0033CF68 /* FirebaseAnalyticsOnDeviceConversion in Frameworks */,
				07FF7BFE28BE52BB0033CF68 /* FirebaseMLModelDownloader in Frameworks */,
				07FF7BF228BE52BB0033CF68 /* FirebaseFirestoreSwift in Frameworks */,
				07FF7BDE28BE52BB0033CF68 /* FirebaseAppCheck in Frameworks */,
				07FF7BDC28BE52BB0033CF68 /* FirebaseAnalyticsWithoutAdIdSupport in Frameworks */,
				07FF7BE228BE52BB0033CF68 /* FirebaseAuth in Frameworks */,
				07FF7BE628BE52BB0033CF68 /* FirebaseCrashlytics in Frameworks */,
				07FF7C0628BE52BB0033CF68 /* FirebaseRemoteConfigSwift in Frameworks */,
				07FF7BF828BE52BB0033CF68 /* FirebaseInAppMessaging-Beta in Frameworks */,
				07FF7BEA28BE52BB0033CF68 /* FirebaseDatabaseSwift in Frameworks */,
				07FF7BF428BE52BB0033CF68 /* FirebaseFunctions in Frameworks */,
				07FF7C0A28BE52BB0033CF68 /* FirebaseStorageCombine-Community in Frameworks */,
				07FF7C0428BE52BB0033CF68 /* FirebaseRemoteConfig in Frameworks */,
				07FF7BE028BE52BB0033CF68 /* FirebaseAppDistribution-Beta in Frameworks */,
				07FF7BE428BE52BB0033CF68 /* FirebaseAuthCombine-Community in Frameworks */,
				07FF7C0228BE52BB0033CF68 /* FirebasePerformance in Frameworks */,
				07FF7BFA28BE52BB0033CF68 /* FirebaseInAppMessagingSwift-Beta in Frameworks */,
				07FF7C0828BE52BB0033CF68 /* FirebaseStorage in Frameworks */,
				07FF7BEC28BE52BB0033CF68 /* FirebaseDynamicLinks in Frameworks */,
				07FF7BF028BE52BB0033CF68 /* FirebaseFirestoreCombine-Community in Frameworks */,
				07FF7C0028BE52BB0033CF68 /* FirebaseMessaging in Frameworks */,
				07FF7BFC28BE52BB0033CF68 /* FirebaseInstallations in Frameworks */,
			);
			runOnlyForDeploymentPostprocessing = 0;
		};
/* End PBXFrameworksBuildPhase section */

/* Begin PBXGroup section */
		0731FB1028BFBA0200D7E403 /* Error */ = {
			isa = PBXGroup;
			children = (
				0731FB1128BFBA0F00D7E403 /* SignupError.swift */,
			);
			path = Error;
			sourceTree = "<group>";
		};
		0760D7CB28B3CE90001DB4DB = {
			isa = PBXGroup;
			children = (
				0760D7D628B3CE90001DB4DB /* WithStudy */,
				0760D7D528B3CE90001DB4DB /* Products */,
			);
			sourceTree = "<group>";
		};
		0760D7D528B3CE90001DB4DB /* Products */ = {
			isa = PBXGroup;
			children = (
				0760D7D428B3CE90001DB4DB /* WithStudy.app */,
			);
			name = Products;
			sourceTree = "<group>";
		};
		0760D7D628B3CE90001DB4DB /* WithStudy */ = {
			isa = PBXGroup;
			children = (
				0760D7D728B3CE90001DB4DB /* WithStudyApp.swift */,
				07FF7C1028BE5E5D0033CF68 /* GoogleService-Info.plist */,
				07FF7C2928BE6E2C0033CF68 /* Base */,
				07FF7C0B28BE5A580033CF68 /* Feature */,
				0760D7DB28B3CE92001DB4DB /* Assets.xcassets */,
				0760D7DD28B3CE92001DB4DB /* Preview Content */,
			);
			path = WithStudy;
			sourceTree = "<group>";
		};
		0760D7DD28B3CE92001DB4DB /* Preview Content */ = {
			isa = PBXGroup;
			children = (
				0760D7DE28B3CE92001DB4DB /* Preview Assets.xcassets */,
			);
			path = "Preview Content";
			sourceTree = "<group>";
		};
		07DEBCB428BEEC86000EBF15 /* Session */ = {
			isa = PBXGroup;
			children = (
				07DEBCB628BEEC97000EBF15 /* Service */,
				07DEBCB528BEEC90000EBF15 /* Model */,
			);
			path = Session;
			sourceTree = "<group>";
		};
		07DEBCB528BEEC90000EBF15 /* Model */ = {
			isa = PBXGroup;
			children = (
				07DEBCBB28BEF023000EBF15 /* UserSessionDetails.swift */,
			);
			path = Model;
			sourceTree = "<group>";
		};
		07DEBCB628BEEC97000EBF15 /* Service */ = {
			isa = PBXGroup;
			children = (
				07DEBCB728BEECC3000EBF15 /* SessionService.swift */,
			);
			path = Service;
			sourceTree = "<group>";
		};
		07E4CAAE28BE7B3E00378ECC /* ForgetPassword */ = {
			isa = PBXGroup;
			children = (
				07E4CAAF28BE7B4900378ECC /* View */,
			);
			path = ForgetPassword;
			sourceTree = "<group>";
		};
		07E4CAAF28BE7B4900378ECC /* View */ = {
			isa = PBXGroup;
			children = (
				07E4CAB028BE7B5B00378ECC /* ForgetPass.swift */,
			);
			path = View;
			sourceTree = "<group>";
		};
		07E4CAB228BE7CB300378ECC /* Model */ = {
			isa = PBXGroup;
			children = (
				0731FB0E28BFA20200D7E403 /* RegistrationCredentials.swift */,
			);
			path = Model;
			sourceTree = "<group>";
		};
		07E4CAB528BE7DA900378ECC /* Service */ = {
			isa = PBXGroup;
			children = (
				07E4CAB628BE7DCA00378ECC /* RegistrationService.swift */,
			);
			path = Service;
			sourceTree = "<group>";
		};
		07E4CAB828BE8C6F00378ECC /* ViewModel */ = {
			isa = PBXGroup;
			children = (
				07E4CAB928BE8D1D00378ECC /* RegistrationViewModel.swift */,
			);
			path = ViewModel;
			sourceTree = "<group>";
		};
		07FF7C0B28BE5A580033CF68 /* Feature */ = {
			isa = PBXGroup;
			children = (
				07FF7C1428BE62C40033CF68 /* Welcome */,
				07E4CAAE28BE7B3E00378ECC /* ForgetPassword */,
				07FF7C1728BE63730033CF68 /* Home */,
			);
			path = Feature;
			sourceTree = "<group>";
		};
		07FF7C0C28BE5AA50033CF68 /* Login */ = {
			isa = PBXGroup;
			children = (
				07FF7C0D28BE5AC10033CF68 /* View */,
			);
			path = Login;
			sourceTree = "<group>";
		};
		07FF7C0D28BE5AC10033CF68 /* View */ = {
			isa = PBXGroup;
			children = (
				07FF7C1528BE62F70033CF68 /* LoginView.swift */,
			);
			path = View;
			sourceTree = "<group>";
		};
		07FF7C1428BE62C40033CF68 /* Welcome */ = {
			isa = PBXGroup;
			children = (
				07DEBCB428BEEC86000EBF15 /* Session */,
				07FF7C2428BE66890033CF68 /* WelcomeScreen */,
				07FF7C0C28BE5AA50033CF68 /* Login */,
				07FF7C2D28BE72610033CF68 /* Signup */,
			);
			path = Welcome;
			sourceTree = "<group>";
		};
		07FF7C1728BE63730033CF68 /* Home */ = {
			isa = PBXGroup;
			children = (
				07FF7C1828BE638D0033CF68 /* HomeView.swift */,
				07FF7C1E28BE65280033CF68 /* bottomBar.swift */,
				07FF7C1A28BE63EE0033CF68 /* chat.swift */,
				07FF7C2028BE65900033CF68 /* voicerooms.swift */,
				07FF7C1C28BE641D0033CF68 /* files.swift */,
				07FF7C2228BE65BF0033CF68 /* toDoList.swift */,
				07FF7C2728BE6CA90033CF68 /* profile.swift */,
			);
			path = Home;
			sourceTree = "<group>";
		};
		07FF7C2428BE66890033CF68 /* WelcomeScreen */ = {
			isa = PBXGroup;
			children = (
				07FF7C2528BE66A10033CF68 /* welcome.swift */,
			);
			path = WelcomeScreen;
			sourceTree = "<group>";
		};
		07FF7C2928BE6E2C0033CF68 /* Base */ = {
			isa = PBXGroup;
			children = (
				07FF7C2A28BE6FD80033CF68 /* Views */,
			);
			path = Base;
			sourceTree = "<group>";
		};
		07FF7C2A28BE6FD80033CF68 /* Views */ = {
			isa = PBXGroup;
			children = (
			);
			path = Views;
			sourceTree = "<group>";
		};
		07FF7C2D28BE72610033CF68 /* Signup */ = {
			isa = PBXGroup;
			children = (
				0731FB1028BFBA0200D7E403 /* Error */,
				07E4CAB828BE8C6F00378ECC /* ViewModel */,
				07E4CAB528BE7DA900378ECC /* Service */,
				07E4CAB228BE7CB300378ECC /* Model */,
				07FF7C2E28BE72840033CF68 /* View */,
			);
			path = Signup;
			sourceTree = "<group>";
		};
		07FF7C2E28BE72840033CF68 /* View */ = {
			isa = PBXGroup;
			children = (
				07FF7C2F28BE72990033CF68 /* Signup.swift */,
				07DEBCBD28BEF66B000EBF15 /* Signup2.swift */,
			);
			path = View;
			sourceTree = "<group>";
		};
/* End PBXGroup section */

/* Begin PBXNativeTarget section */
		0760D7D328B3CE90001DB4DB /* WithStudy */ = {
			isa = PBXNativeTarget;
			buildConfigurationList = 0760D7E228B3CE92001DB4DB /* Build configuration list for PBXNativeTarget "WithStudy" */;
			buildPhases = (
				0760D7D028B3CE90001DB4DB /* Sources */,
				0760D7D128B3CE90001DB4DB /* Frameworks */,
				0760D7D228B3CE90001DB4DB /* Resources */,
			);
			buildRules = (
			);
			dependencies = (
			);
			name = WithStudy;
			packageProductDependencies = (
				07FF7BD528BE52BB0033CF68 /* FirebaseAnalytics */,
				07FF7BD728BE52BB0033CF68 /* FirebaseAnalyticsOnDeviceConversion */,
				07FF7BD928BE52BB0033CF68 /* FirebaseAnalyticsSwift */,
				07FF7BDB28BE52BB0033CF68 /* FirebaseAnalyticsWithoutAdIdSupport */,
				07FF7BDD28BE52BB0033CF68 /* FirebaseAppCheck */,
				07FF7BDF28BE52BB0033CF68 /* FirebaseAppDistribution-Beta */,
				07FF7BE128BE52BB0033CF68 /* FirebaseAuth */,
				07FF7BE328BE52BB0033CF68 /* FirebaseAuthCombine-Community */,
				07FF7BE528BE52BB0033CF68 /* FirebaseCrashlytics */,
				07FF7BE728BE52BB0033CF68 /* FirebaseDatabase */,
				07FF7BE928BE52BB0033CF68 /* FirebaseDatabaseSwift */,
				07FF7BEB28BE52BB0033CF68 /* FirebaseDynamicLinks */,
				07FF7BED28BE52BB0033CF68 /* FirebaseFirestore */,
				07FF7BEF28BE52BB0033CF68 /* FirebaseFirestoreCombine-Community */,
				07FF7BF128BE52BB0033CF68 /* FirebaseFirestoreSwift */,
				07FF7BF328BE52BB0033CF68 /* FirebaseFunctions */,
				07FF7BF528BE52BB0033CF68 /* FirebaseFunctionsCombine-Community */,
				07FF7BF728BE52BB0033CF68 /* FirebaseInAppMessaging-Beta */,
				07FF7BF928BE52BB0033CF68 /* FirebaseInAppMessagingSwift-Beta */,
				07FF7BFB28BE52BB0033CF68 /* FirebaseInstallations */,
				07FF7BFD28BE52BB0033CF68 /* FirebaseMLModelDownloader */,
				07FF7BFF28BE52BB0033CF68 /* FirebaseMessaging */,
				07FF7C0128BE52BB0033CF68 /* FirebasePerformance */,
				07FF7C0328BE52BB0033CF68 /* FirebaseRemoteConfig */,
				07FF7C0528BE52BB0033CF68 /* FirebaseRemoteConfigSwift */,
				07FF7C0728BE52BB0033CF68 /* FirebaseStorage */,
				07FF7C0928BE52BB0033CF68 /* FirebaseStorageCombine-Community */,
			);
			productName = WithStudy;
			productReference = 0760D7D428B3CE90001DB4DB /* WithStudy.app */;
			productType = "com.apple.product-type.application";
		};
/* End PBXNativeTarget section */

/* Begin PBXProject section */
		0760D7CC28B3CE90001DB4DB /* Project object */ = {
			isa = PBXProject;
			attributes = {
				BuildIndependentTargetsInParallel = 1;
				LastSwiftUpdateCheck = 1340;
				LastUpgradeCheck = 1340;
				TargetAttributes = {
					0760D7D328B3CE90001DB4DB = {
						CreatedOnToolsVersion = 13.4.1;
					};
				};
			};
			buildConfigurationList = 0760D7CF28B3CE90001DB4DB /* Build configuration list for PBXProject "WithStudy" */;
			compatibilityVersion = "Xcode 13.0";
			developmentRegion = en;
			hasScannedForEncodings = 0;
			knownRegions = (
				en,
				Base,
			);
			mainGroup = 0760D7CB28B3CE90001DB4DB;
			packageReferences = (
				07FF7BD428BE52BB0033CF68 /* XCRemoteSwiftPackageReference "firebase-ios-sdk" */,
			);
			productRefGroup = 0760D7D528B3CE90001DB4DB /* Products */;
			projectDirPath = "";
			projectRoot = "";
			targets = (
				0760D7D328B3CE90001DB4DB /* WithStudy */,
			);
		};
/* End PBXProject section */

/* Begin PBXResourcesBuildPhase section */
		0760D7D228B3CE90001DB4DB /* Resources */ = {
			isa = PBXResourcesBuildPhase;
			buildActionMask = 2147483647;
			files = (
				0760D7DF28B3CE92001DB4DB /* Preview Assets.xcassets in Resources */,
				0760D7DC28B3CE92001DB4DB /* Assets.xcassets in Resources */,
				07FF7C1128BE5E5D0033CF68 /* GoogleService-Info.plist in Resources */,
			);
			runOnlyForDeploymentPostprocessing = 0;
		};
/* End PBXResourcesBuildPhase section */

/* Begin PBXSourcesBuildPhase section */
		0760D7D028B3CE90001DB4DB /* Sources */ = {
			isa = PBXSourcesBuildPhase;
			buildActionMask = 2147483647;
			files = (
				07FF7C1928BE638D0033CF68 /* HomeView.swift in Sources */,
				0731FB1228BFBA0F00D7E403 /* SignupError.swift in Sources */,
				07FF7C1D28BE641D0033CF68 /* files.swift in Sources */,
				07FF7C1628BE62F70033CF68 /* LoginView.swift in Sources */,
				07E4CAB728BE7DCA00378ECC /* RegistrationService.swift in Sources */,
				07FF7C1B28BE63EE0033CF68 /* chat.swift in Sources */,
				07DEBCBC28BEF023000EBF15 /* UserSessionDetails.swift in Sources */,
				07FF7C2328BE65BF0033CF68 /* toDoList.swift in Sources */,
				07FF7C3028BE72990033CF68 /* Signup.swift in Sources */,
				07FF7C1F28BE65280033CF68 /* bottomBar.swift in Sources */,
				07FF7C2128BE65900033CF68 /* voicerooms.swift in Sources */,
				07DEBCBE28BEF66B000EBF15 /* Signup2.swift in Sources */,
				07FF7C2828BE6CA90033CF68 /* profile.swift in Sources */,
				07FF7C2628BE66A10033CF68 /* welcome.swift in Sources */,
				0760D7D828B3CE90001DB4DB /* WithStudyApp.swift in Sources */,
				07E4CABA28BE8D1D00378ECC /* RegistrationViewModel.swift in Sources */,
				0731FB0F28BFA20200D7E403 /* RegistrationCredentials.swift in Sources */,
				07E4CAB128BE7B5B00378ECC /* ForgetPass.swift in Sources */,
				07DEBCB828BEECC3000EBF15 /* SessionService.swift in Sources */,
			);
			runOnlyForDeploymentPostprocessing = 0;
		};
/* End PBXSourcesBuildPhase section */

/* Begin XCBuildConfiguration section */
		0760D7E028B3CE92001DB4DB /* Debug */ = {
			isa = XCBuildConfiguration;
			buildSettings = {
				ALWAYS_SEARCH_USER_PATHS = NO;
				CLANG_ANALYZER_NONNULL = YES;
				CLANG_ANALYZER_NUMBER_OBJECT_CONVERSION = YES_AGGRESSIVE;
				CLANG_CXX_LANGUAGE_STANDARD = "gnu++17";
				CLANG_ENABLE_MODULES = YES;
				CLANG_ENABLE_OBJC_ARC = YES;
				CLANG_ENABLE_OBJC_WEAK = YES;
				CLANG_WARN_BLOCK_CAPTURE_AUTORELEASING = YES;
				CLANG_WARN_BOOL_CONVERSION = YES;
				CLANG_WARN_COMMA = YES;
				CLANG_WARN_CONSTANT_CONVERSION = YES;
				CLANG_WARN_DEPRECATED_OBJC_IMPLEMENTATIONS = YES;
				CLANG_WARN_DIRECT_OBJC_ISA_USAGE = YES_ERROR;
				CLANG_WARN_DOCUMENTATION_COMMENTS = YES;
				CLANG_WARN_EMPTY_BODY = YES;
				CLANG_WARN_ENUM_CONVERSION = YES;
				CLANG_WARN_INFINITE_RECURSION = YES;
				CLANG_WARN_INT_CONVERSION = YES;
				CLANG_WARN_NON_LITERAL_NULL_CONVERSION = YES;
				CLANG_WARN_OBJC_IMPLICIT_RETAIN_SELF = YES;
				CLANG_WARN_OBJC_LITERAL_CONVERSION = YES;
				CLANG_WARN_OBJC_ROOT_CLASS = YES_ERROR;
				CLANG_WARN_QUOTED_INCLUDE_IN_FRAMEWORK_HEADER = YES;
				CLANG_WARN_RANGE_LOOP_ANALYSIS = YES;
				CLANG_WARN_STRICT_PROTOTYPES = YES;
				CLANG_WARN_SUSPICIOUS_MOVE = YES;
				CLANG_WARN_UNGUARDED_AVAILABILITY = YES_AGGRESSIVE;
				CLANG_WARN_UNREACHABLE_CODE = YES;
				CLANG_WARN__DUPLICATE_METHOD_MATCH = YES;
				COPY_PHASE_STRIP = NO;
				DEBUG_INFORMATION_FORMAT = dwarf;
				ENABLE_STRICT_OBJC_MSGSEND = YES;
				ENABLE_TESTABILITY = YES;
				GCC_C_LANGUAGE_STANDARD = gnu11;
				GCC_DYNAMIC_NO_PIC = NO;
				GCC_NO_COMMON_BLOCKS = YES;
				GCC_OPTIMIZATION_LEVEL = 0;
				GCC_PREPROCESSOR_DEFINITIONS = (
					"DEBUG=1",
					"$(inherited)",
				);
				GCC_WARN_64_TO_32_BIT_CONVERSION = YES;
				GCC_WARN_ABOUT_RETURN_TYPE = YES_ERROR;
				GCC_WARN_UNDECLARED_SELECTOR = YES;
				GCC_WARN_UNINITIALIZED_AUTOS = YES_AGGRESSIVE;
				GCC_WARN_UNUSED_FUNCTION = YES;
				GCC_WARN_UNUSED_VARIABLE = YES;
				IPHONEOS_DEPLOYMENT_TARGET = 15.5;
				MTL_ENABLE_DEBUG_INFO = INCLUDE_SOURCE;
				MTL_FAST_MATH = YES;
				ONLY_ACTIVE_ARCH = YES;
				SDKROOT = iphoneos;
				SWIFT_ACTIVE_COMPILATION_CONDITIONS = DEBUG;
				SWIFT_OPTIMIZATION_LEVEL = "-Onone";
			};
			name = Debug;
		};
		0760D7E128B3CE92001DB4DB /* Release */ = {
			isa = XCBuildConfiguration;
			buildSettings = {
				ALWAYS_SEARCH_USER_PATHS = NO;
				CLANG_ANALYZER_NONNULL = YES;
				CLANG_ANALYZER_NUMBER_OBJECT_CONVERSION = YES_AGGRESSIVE;
				CLANG_CXX_LANGUAGE_STANDARD = "gnu++17";
				CLANG_ENABLE_MODULES = YES;
				CLANG_ENABLE_OBJC_ARC = YES;
				CLANG_ENABLE_OBJC_WEAK = YES;
				CLANG_WARN_BLOCK_CAPTURE_AUTORELEASING = YES;
				CLANG_WARN_BOOL_CONVERSION = YES;
				CLANG_WARN_COMMA = YES;
				CLANG_WARN_CONSTANT_CONVERSION = YES;
				CLANG_WARN_DEPRECATED_OBJC_IMPLEMENTATIONS = YES;
				CLANG_WARN_DIRECT_OBJC_ISA_USAGE = YES_ERROR;
				CLANG_WARN_DOCUMENTATION_COMMENTS = YES;
				CLANG_WARN_EMPTY_BODY = YES;
				CLANG_WARN_ENUM_CONVERSION = YES;
				CLANG_WARN_INFINITE_RECURSION = YES;
				CLANG_WARN_INT_CONVERSION = YES;
				CLANG_WARN_NON_LITERAL_NULL_CONVERSION = YES;
				CLANG_WARN_OBJC_IMPLICIT_RETAIN_SELF = YES;
				CLANG_WARN_OBJC_LITERAL_CONVERSION = YES;
				CLANG_WARN_OBJC_ROOT_CLASS = YES_ERROR;
				CLANG_WARN_QUOTED_INCLUDE_IN_FRAMEWORK_HEADER = YES;
				CLANG_WARN_RANGE_LOOP_ANALYSIS = YES;
				CLANG_WARN_STRICT_PROTOTYPES = YES;
				CLANG_WARN_SUSPICIOUS_MOVE = YES;
				CLANG_WARN_UNGUARDED_AVAILABILITY = YES_AGGRESSIVE;
				CLANG_WARN_UNREACHABLE_CODE = YES;
				CLANG_WARN__DUPLICATE_METHOD_MATCH = YES;
				COPY_PHASE_STRIP = NO;
				DEBUG_INFORMATION_FORMAT = "dwarf-with-dsym";
				ENABLE_NS_ASSERTIONS = NO;
				ENABLE_STRICT_OBJC_MSGSEND = YES;
				GCC_C_LANGUAGE_STANDARD = gnu11;
				GCC_NO_COMMON_BLOCKS = YES;
				GCC_WARN_64_TO_32_BIT_CONVERSION = YES;
				GCC_WARN_ABOUT_RETURN_TYPE = YES_ERROR;
				GCC_WARN_UNDECLARED_SELECTOR = YES;
				GCC_WARN_UNINITIALIZED_AUTOS = YES_AGGRESSIVE;
				GCC_WARN_UNUSED_FUNCTION = YES;
				GCC_WARN_UNUSED_VARIABLE = YES;
				IPHONEOS_DEPLOYMENT_TARGET = 15.5;
				MTL_ENABLE_DEBUG_INFO = NO;
				MTL_FAST_MATH = YES;
				SDKROOT = iphoneos;
				SWIFT_COMPILATION_MODE = wholemodule;
				SWIFT_OPTIMIZATION_LEVEL = "-O";
				VALIDATE_PRODUCT = YES;
			};
			name = Release;
		};
		0760D7E328B3CE92001DB4DB /* Debug */ = {
			isa = XCBuildConfiguration;
			buildSettings = {
				ASSETCATALOG_COMPILER_APPICON_NAME = AppIcon;
				ASSETCATALOG_COMPILER_GLOBAL_ACCENT_COLOR_NAME = AccentColor;
				CODE_SIGN_IDENTITY = "Apple Development";
				CODE_SIGN_STYLE = Automatic;
				CURRENT_PROJECT_VERSION = 1;
				DEVELOPMENT_ASSET_PATHS = "\"WithStudy/Preview Content\"";
				DEVELOPMENT_TEAM = "";
				ENABLE_PREVIEWS = YES;
				GENERATE_INFOPLIST_FILE = YES;
				INFOPLIST_KEY_UIApplicationSceneManifest_Generation = YES;
				INFOPLIST_KEY_UIApplicationSupportsIndirectInputEvents = YES;
				INFOPLIST_KEY_UILaunchScreen_Generation = YES;
				INFOPLIST_KEY_UISupportedInterfaceOrientations_iPad = "UIInterfaceOrientationPortrait UIInterfaceOrientationPortraitUpsideDown UIInterfaceOrientationLandscapeLeft UIInterfaceOrientationLandscapeRight";
				INFOPLIST_KEY_UISupportedInterfaceOrientations_iPhone = "UIInterfaceOrientationPortrait UIInterfaceOrientationLandscapeLeft UIInterfaceOrientationLandscapeRight";
				LD_RUNPATH_SEARCH_PATHS = (
					"$(inherited)",
					"@executable_path/Frameworks",
				);
				MARKETING_VERSION = 1.0;
				PRODUCT_BUNDLE_IDENTIFIER = com.ahmedB22.WithStudy;
				PRODUCT_NAME = "$(TARGET_NAME)";
				PROVISIONING_PROFILE_SPECIFIER = "";
				SWIFT_EMIT_LOC_STRINGS = YES;
				SWIFT_VERSION = 5.0;
				TARGETED_DEVICE_FAMILY = "1,2";
			};
			name = Debug;
		};
		0760D7E428B3CE92001DB4DB /* Release */ = {
			isa = XCBuildConfiguration;
			buildSettings = {
				ASSETCATALOG_COMPILER_APPICON_NAME = AppIcon;
				ASSETCATALOG_COMPILER_GLOBAL_ACCENT_COLOR_NAME = AccentColor;
				CODE_SIGN_IDENTITY = "Apple Development";
				CODE_SIGN_STYLE = Automatic;
				CURRENT_PROJECT_VERSION = 1;
				DEVELOPMENT_ASSET_PATHS = "\"WithStudy/Preview Content\"";
				DEVELOPMENT_TEAM = "";
				ENABLE_PREVIEWS = YES;
				GENERATE_INFOPLIST_FILE = YES;
				INFOPLIST_KEY_UIApplicationSceneManifest_Generation = YES;
				INFOPLIST_KEY_UIApplicationSupportsIndirectInputEvents = YES;
				INFOPLIST_KEY_UILaunchScreen_Generation = YES;
				INFOPLIST_KEY_UISupportedInterfaceOrientations_iPad = "UIInterfaceOrientationPortrait UIInterfaceOrientationPortraitUpsideDown UIInterfaceOrientationLandscapeLeft UIInterfaceOrientationLandscapeRight";
				INFOPLIST_KEY_UISupportedInterfaceOrientations_iPhone = "UIInterfaceOrientationPortrait UIInterfaceOrientationLandscapeLeft UIInterfaceOrientationLandscapeRight";
				LD_RUNPATH_SEARCH_PATHS = (
					"$(inherited)",
					"@executable_path/Frameworks",
				);
				MARKETING_VERSION = 1.0;
				PRODUCT_BUNDLE_IDENTIFIER = com.ahmedB22.WithStudy;
				PRODUCT_NAME = "$(TARGET_NAME)";
				PROVISIONING_PROFILE_SPECIFIER = "";
				SWIFT_EMIT_LOC_STRINGS = YES;
				SWIFT_VERSION = 5.0;
				TARGETED_DEVICE_FAMILY = "1,2";
			};
			name = Release;
		};
/* End XCBuildConfiguration section */

/* Begin XCConfigurationList section */
		0760D7CF28B3CE90001DB4DB /* Build configuration list for PBXProject "WithStudy" */ = {
			isa = XCConfigurationList;
			buildConfigurations = (
				0760D7E028B3CE92001DB4DB /* Debug */,
				0760D7E128B3CE92001DB4DB /* Release */,
			);
			defaultConfigurationIsVisible = 0;
			defaultConfigurationName = Release;
		};
		0760D7E228B3CE92001DB4DB /* Build configuration list for PBXNativeTarget "WithStudy" */ = {
			isa = XCConfigurationList;
			buildConfigurations = (
				0760D7E328B3CE92001DB4DB /* Debug */,
				0760D7E428B3CE92001DB4DB /* Release */,
			);
			defaultConfigurationIsVisible = 0;
			defaultConfigurationName = Release;
		};
/* End XCConfigurationList section */

/* Begin XCRemoteSwiftPackageReference section */
		07FF7BD428BE52BB0033CF68 /* XCRemoteSwiftPackageReference "firebase-ios-sdk" */ = {
			isa = XCRemoteSwiftPackageReference;
			repositoryURL = "https://github.com/firebase/firebase-ios-sdk.git";
			requirement = {
				kind = upToNextMajorVersion;
				minimumVersion = 9.0.0;
			};
		};
/* End XCRemoteSwiftPackageReference section */

/* Begin XCSwiftPackageProductDependency section */
		07FF7BD528BE52BB0033CF68 /* FirebaseAnalytics */ = {
			isa = XCSwiftPackageProductDependency;
			package = 07FF7BD428BE52BB0033CF68 /* XCRemoteSwiftPackageReference "firebase-ios-sdk" */;
			productName = FirebaseAnalytics;
		};
		07FF7BD728BE52BB0033CF68 /* FirebaseAnalyticsOnDeviceConversion */ = {
			isa = XCSwiftPackageProductDependency;
			package = 07FF7BD428BE52BB0033CF68 /* XCRemoteSwiftPackageReference "firebase-ios-sdk" */;
			productName = FirebaseAnalyticsOnDeviceConversion;
		};
		07FF7BD928BE52BB0033CF68 /* FirebaseAnalyticsSwift */ = {
			isa = XCSwiftPackageProductDependency;
			package = 07FF7BD428BE52BB0033CF68 /* XCRemoteSwiftPackageReference "firebase-ios-sdk" */;
			productName = FirebaseAnalyticsSwift;
		};
		07FF7BDB28BE52BB0033CF68 /* FirebaseAnalyticsWithoutAdIdSupport */ = {
			isa = XCSwiftPackageProductDependency;
			package = 07FF7BD428BE52BB0033CF68 /* XCRemoteSwiftPackageReference "firebase-ios-sdk" */;
			productName = FirebaseAnalyticsWithoutAdIdSupport;
		};
		07FF7BDD28BE52BB0033CF68 /* FirebaseAppCheck */ = {
			isa = XCSwiftPackageProductDependency;
			package = 07FF7BD428BE52BB0033CF68 /* XCRemoteSwiftPackageReference "firebase-ios-sdk" */;
			productName = FirebaseAppCheck;
		};
		07FF7BDF28BE52BB0033CF68 /* FirebaseAppDistribution-Beta */ = {
			isa = XCSwiftPackageProductDependency;
			package = 07FF7BD428BE52BB0033CF68 /* XCRemoteSwiftPackageReference "firebase-ios-sdk" */;
			productName = "FirebaseAppDistribution-Beta";
		};
		07FF7BE128BE52BB0033CF68 /* FirebaseAuth */ = {
			isa = XCSwiftPackageProductDependency;
			package = 07FF7BD428BE52BB0033CF68 /* XCRemoteSwiftPackageReference "firebase-ios-sdk" */;
			productName = FirebaseAuth;
		};
		07FF7BE328BE52BB0033CF68 /* FirebaseAuthCombine-Community */ = {
			isa = XCSwiftPackageProductDependency;
			package = 07FF7BD428BE52BB0033CF68 /* XCRemoteSwiftPackageReference "firebase-ios-sdk" */;
			productName = "FirebaseAuthCombine-Community";
		};
		07FF7BE528BE52BB0033CF68 /* FirebaseCrashlytics */ = {
			isa = XCSwiftPackageProductDependency;
			package = 07FF7BD428BE52BB0033CF68 /* XCRemoteSwiftPackageReference "firebase-ios-sdk" */;
			productName = FirebaseCrashlytics;
		};
		07FF7BE728BE52BB0033CF68 /* FirebaseDatabase */ = {
			isa = XCSwiftPackageProductDependency;
			package = 07FF7BD428BE52BB0033CF68 /* XCRemoteSwiftPackageReference "firebase-ios-sdk" */;
			productName = FirebaseDatabase;
		};
		07FF7BE928BE52BB0033CF68 /* FirebaseDatabaseSwift */ = {
			isa = XCSwiftPackageProductDependency;
			package = 07FF7BD428BE52BB0033CF68 /* XCRemoteSwiftPackageReference "firebase-ios-sdk" */;
			productName = FirebaseDatabaseSwift;
		};
		07FF7BEB28BE52BB0033CF68 /* FirebaseDynamicLinks */ = {
			isa = XCSwiftPackageProductDependency;
			package = 07FF7BD428BE52BB0033CF68 /* XCRemoteSwiftPackageReference "firebase-ios-sdk" */;
			productName = FirebaseDynamicLinks;
		};
		07FF7BED28BE52BB0033CF68 /* FirebaseFirestore */ = {
			isa = XCSwiftPackageProductDependency;
			package = 07FF7BD428BE52BB0033CF68 /* XCRemoteSwiftPackageReference "firebase-ios-sdk" */;
			productName = FirebaseFirestore;
		};
		07FF7BEF28BE52BB0033CF68 /* FirebaseFirestoreCombine-Community */ = {
			isa = XCSwiftPackageProductDependency;
			package = 07FF7BD428BE52BB0033CF68 /* XCRemoteSwiftPackageReference "firebase-ios-sdk" */;
			productName = "FirebaseFirestoreCombine-Community";
		};
		07FF7BF128BE52BB0033CF68 /* FirebaseFirestoreSwift */ = {
			isa = XCSwiftPackageProductDependency;
			package = 07FF7BD428BE52BB0033CF68 /* XCRemoteSwiftPackageReference "firebase-ios-sdk" */;
			productName = FirebaseFirestoreSwift;
		};
		07FF7BF328BE52BB0033CF68 /* FirebaseFunctions */ = {
			isa = XCSwiftPackageProductDependency;
			package = 07FF7BD428BE52BB0033CF68 /* XCRemoteSwiftPackageReference "firebase-ios-sdk" */;
			productName = FirebaseFunctions;
		};
		07FF7BF528BE52BB0033CF68 /* FirebaseFunctionsCombine-Community */ = {
			isa = XCSwiftPackageProductDependency;
			package = 07FF7BD428BE52BB0033CF68 /* XCRemoteSwiftPackageReference "firebase-ios-sdk" */;
			productName = "FirebaseFunctionsCombine-Community";
		};
		07FF7BF728BE52BB0033CF68 /* FirebaseInAppMessaging-Beta */ = {
			isa = XCSwiftPackageProductDependency;
			package = 07FF7BD428BE52BB0033CF68 /* XCRemoteSwiftPackageReference "firebase-ios-sdk" */;
			productName = "FirebaseInAppMessaging-Beta";
		};
		07FF7BF928BE52BB0033CF68 /* FirebaseInAppMessagingSwift-Beta */ = {
			isa = XCSwiftPackageProductDependency;
			package = 07FF7BD428BE52BB0033CF68 /* XCRemoteSwiftPackageReference "firebase-ios-sdk" */;
			productName = "FirebaseInAppMessagingSwift-Beta";
		};
		07FF7BFB28BE52BB0033CF68 /* FirebaseInstallations */ = {
			isa = XCSwiftPackageProductDependency;
			package = 07FF7BD428BE52BB0033CF68 /* XCRemoteSwiftPackageReference "firebase-ios-sdk" */;
			productName = FirebaseInstallations;
		};
		07FF7BFD28BE52BB0033CF68 /* FirebaseMLModelDownloader */ = {
			isa = XCSwiftPackageProductDependency;
			package = 07FF7BD428BE52BB0033CF68 /* XCRemoteSwiftPackageReference "firebase-ios-sdk" */;
			productName = FirebaseMLModelDownloader;
		};
		07FF7BFF28BE52BB0033CF68 /* FirebaseMessaging */ = {
			isa = XCSwiftPackageProductDependency;
			package = 07FF7BD428BE52BB0033CF68 /* XCRemoteSwiftPackageReference "firebase-ios-sdk" */;
			productName = FirebaseMessaging;
		};
		07FF7C0128BE52BB0033CF68 /* FirebasePerformance */ = {
			isa = XCSwiftPackageProductDependency;
			package = 07FF7BD428BE52BB0033CF68 /* XCRemoteSwiftPackageReference "firebase-ios-sdk" */;
			productName = FirebasePerformance;
		};
		07FF7C0328BE52BB0033CF68 /* FirebaseRemoteConfig */ = {
			isa = XCSwiftPackageProductDependency;
			package = 07FF7BD428BE52BB0033CF68 /* XCRemoteSwiftPackageReference "firebase-ios-sdk" */;
			productName = FirebaseRemoteConfig;
		};
		07FF7C0528BE52BB0033CF68 /* FirebaseRemoteConfigSwift */ = {
			isa = XCSwiftPackageProductDependency;
			package = 07FF7BD428BE52BB0033CF68 /* XCRemoteSwiftPackageReference "firebase-ios-sdk" */;
			productName = FirebaseRemoteConfigSwift;
		};
		07FF7C0728BE52BB0033CF68 /* FirebaseStorage */ = {
			isa = XCSwiftPackageProductDependency;
			package = 07FF7BD428BE52BB0033CF68 /* XCRemoteSwiftPackageReference "firebase-ios-sdk" */;
			productName = FirebaseStorage;
		};
		07FF7C0928BE52BB0033CF68 /* FirebaseStorageCombine-Community */ = {
			isa = XCSwiftPackageProductDependency;
			package = 07FF7BD428BE52BB0033CF68 /* XCRemoteSwiftPackageReference "firebase-ios-sdk" */;
			productName = "FirebaseStorageCombine-Community";
		};
/* End XCSwiftPackageProductDependency section */
	};
	rootObject = 0760D7CC28B3CE90001DB4DB /* Project object */;
}
